// !$*UTF8*$!
{
	archiveVersion = 1;
	classes = {
	};
	objectVersion = 50;
	objects = {

/* Begin PBXBuildFile section */
		5017E8C621349FBC00034B9C /* UserListUtil.swift in Sources */ = {isa = PBXBuildFile; fileRef = 5017E8C521349FBC00034B9C /* UserListUtil.swift */; };
		501D1A8C2134138900EBBF0D /* AppDelegate.swift in Sources */ = {isa = PBXBuildFile; fileRef = 501D1A8B2134138900EBBF0D /* AppDelegate.swift */; };
		501D1A8E2134138900EBBF0D /* UserListViewController.swift in Sources */ = {isa = PBXBuildFile; fileRef = 501D1A8D2134138900EBBF0D /* UserListViewController.swift */; };
		501D1A902134138900EBBF0D /* SavedUsersViewController.swift in Sources */ = {isa = PBXBuildFile; fileRef = 501D1A8F2134138900EBBF0D /* SavedUsersViewController.swift */; };
		501D1A932134138900EBBF0D /* Main.storyboard in Resources */ = {isa = PBXBuildFile; fileRef = 501D1A912134138900EBBF0D /* Main.storyboard */; };
		501D1A952134138A00EBBF0D /* Assets.xcassets in Resources */ = {isa = PBXBuildFile; fileRef = 501D1A942134138A00EBBF0D /* Assets.xcassets */; };
		501D1A982134138A00EBBF0D /* LaunchScreen.storyboard in Resources */ = {isa = PBXBuildFile; fileRef = 501D1A962134138A00EBBF0D /* LaunchScreen.storyboard */; };
		501D1AA32134138A00EBBF0D /* UserListAppTests.swift in Sources */ = {isa = PBXBuildFile; fileRef = 501D1AA22134138A00EBBF0D /* UserListAppTests.swift */; };
		501D1AAE2134138A00EBBF0D /* UserListAppUITests.swift in Sources */ = {isa = PBXBuildFile; fileRef = 501D1AAD2134138A00EBBF0D /* UserListAppUITests.swift */; };
		501D1ABC213416BB00EBBF0D /* UserContact.swift in Sources */ = {isa = PBXBuildFile; fileRef = 501D1ABB213416BB00EBBF0D /* UserContact.swift */; };
		72FD09E7199D38275B03E191 /* Pods_UserListApp.framework in Frameworks */ = {isa = PBXBuildFile; fileRef = 618C19F56A29E138226C85A6 /* Pods_UserListApp.framework */; };
		95D2C8A90FC007D2209D23DB /* Pods_UserListAppUITests.framework in Frameworks */ = {isa = PBXBuildFile; fileRef = 3E1D29A08EB28CF4E47F6E52 /* Pods_UserListAppUITests.framework */; };
		ECE7CD85B592592366E8E9E5 /* Pods_UserListAppTests.framework in Frameworks */ = {isa = PBXBuildFile; fileRef = CBAD1950CE3CBC44BD2AD8FD /* Pods_UserListAppTests.framework */; };
/* End PBXBuildFile section */

/* Begin PBXContainerItemProxy section */
		501D1A9F2134138A00EBBF0D /* PBXContainerItemProxy */ = {
			isa = PBXContainerItemProxy;
			containerPortal = 501D1A802134138900EBBF0D /* Project object */;
			proxyType = 1;
			remoteGlobalIDString = 501D1A872134138900EBBF0D;
			remoteInfo = UserListApp;
		};
		501D1AAA2134138A00EBBF0D /* PBXContainerItemProxy */ = {
			isa = PBXContainerItemProxy;
			containerPortal = 501D1A802134138900EBBF0D /* Project object */;
			proxyType = 1;
			remoteGlobalIDString = 501D1A872134138900EBBF0D;
			remoteInfo = UserListApp;
		};
/* End PBXContainerItemProxy section */

/* Begin PBXFileReference section */
		3E1D29A08EB28CF4E47F6E52 /* Pods_UserListAppUITests.framework */ = {isa = PBXFileReference; explicitFileType = wrapper.framework; includeInIndex = 0; path = Pods_UserListAppUITests.framework; sourceTree = BUILT_PRODUCTS_DIR; };
		4FF3B1BE08E3DC2F38137248 /* Pods-UserListAppUITests.debug.xcconfig */ = {isa = PBXFileReference; includeInIndex = 1; lastKnownFileType = text.xcconfig; name = "Pods-UserListAppUITests.debug.xcconfig"; path = "Pods/Target Support Files/Pods-UserListAppUITests/Pods-UserListAppUITests.debug.xcconfig"; sourceTree = "<group>"; };
		5017E8C521349FBC00034B9C /* UserListUtil.swift */ = {isa = PBXFileReference; lastKnownFileType = sourcecode.swift; path = UserListUtil.swift; sourceTree = "<group>"; };
		501D1A882134138900EBBF0D /* UserListApp.app */ = {isa = PBXFileReference; explicitFileType = wrapper.application; includeInIndex = 0; path = UserListApp.app; sourceTree = BUILT_PRODUCTS_DIR; };
		501D1A8B2134138900EBBF0D /* AppDelegate.swift */ = {isa = PBXFileReference; lastKnownFileType = sourcecode.swift; path = AppDelegate.swift; sourceTree = "<group>"; };
		501D1A8D2134138900EBBF0D /* UserListViewController.swift */ = {isa = PBXFileReference; lastKnownFileType = sourcecode.swift; path = UserListViewController.swift; sourceTree = "<group>"; };
		501D1A8F2134138900EBBF0D /* SavedUsersViewController.swift */ = {isa = PBXFileReference; lastKnownFileType = sourcecode.swift; path = SavedUsersViewController.swift; sourceTree = "<group>"; };
		501D1A922134138900EBBF0D /* Base */ = {isa = PBXFileReference; lastKnownFileType = file.storyboard; name = Base; path = Base.lproj/Main.storyboard; sourceTree = "<group>"; };
		501D1A942134138A00EBBF0D /* Assets.xcassets */ = {isa = PBXFileReference; lastKnownFileType = folder.assetcatalog; path = Assets.xcassets; sourceTree = "<group>"; };
		501D1A972134138A00EBBF0D /* Base */ = {isa = PBXFileReference; lastKnownFileType = file.storyboard; name = Base; path = Base.lproj/LaunchScreen.storyboard; sourceTree = "<group>"; };
		501D1A992134138A00EBBF0D /* Info.plist */ = {isa = PBXFileReference; lastKnownFileType = text.plist.xml; path = Info.plist; sourceTree = "<group>"; };
		501D1A9E2134138A00EBBF0D /* UserListAppTests.xctest */ = {isa = PBXFileReference; explicitFileType = wrapper.cfbundle; includeInIndex = 0; path = UserListAppTests.xctest; sourceTree = BUILT_PRODUCTS_DIR; };
		501D1AA22134138A00EBBF0D /* UserListAppTests.swift */ = {isa = PBXFileReference; lastKnownFileType = sourcecode.swift; path = UserListAppTests.swift; sourceTree = "<group>"; };
		501D1AA42134138A00EBBF0D /* Info.plist */ = {isa = PBXFileReference; lastKnownFileType = text.plist.xml; path = Info.plist; sourceTree = "<group>"; };
		501D1AA92134138A00EBBF0D /* UserListAppUITests.xctest */ = {isa = PBXFileReference; explicitFileType = wrapper.cfbundle; includeInIndex = 0; path = UserListAppUITests.xctest; sourceTree = BUILT_PRODUCTS_DIR; };
		501D1AAD2134138A00EBBF0D /* UserListAppUITests.swift */ = {isa = PBXFileReference; lastKnownFileType = sourcecode.swift; path = UserListAppUITests.swift; sourceTree = "<group>"; };
		501D1AAF2134138A00EBBF0D /* Info.plist */ = {isa = PBXFileReference; lastKnownFileType = text.plist.xml; path = Info.plist; sourceTree = "<group>"; };
		501D1ABB213416BB00EBBF0D /* UserContact.swift */ = {isa = PBXFileReference; lastKnownFileType = sourcecode.swift; path = UserContact.swift; sourceTree = "<group>"; };
		515D315481B20F530210E43E /* Pods-UserListAppTests.release.xcconfig */ = {isa = PBXFileReference; includeInIndex = 1; lastKnownFileType = text.xcconfig; name = "Pods-UserListAppTests.release.xcconfig"; path = "Pods/Target Support Files/Pods-UserListAppTests/Pods-UserListAppTests.release.xcconfig"; sourceTree = "<group>"; };
		5A386E7F8424875312B39210 /* Pods-UserListAppUITests.release.xcconfig */ = {isa = PBXFileReference; includeInIndex = 1; lastKnownFileType = text.xcconfig; name = "Pods-UserListAppUITests.release.xcconfig"; path = "Pods/Target Support Files/Pods-UserListAppUITests/Pods-UserListAppUITests.release.xcconfig"; sourceTree = "<group>"; };
		618C19F56A29E138226C85A6 /* Pods_UserListApp.framework */ = {isa = PBXFileReference; explicitFileType = wrapper.framework; includeInIndex = 0; path = Pods_UserListApp.framework; sourceTree = BUILT_PRODUCTS_DIR; };
		A35120DDC8B8125A768CA066 /* Pods-UserListApp.release.xcconfig */ = {isa = PBXFileReference; includeInIndex = 1; lastKnownFileType = text.xcconfig; name = "Pods-UserListApp.release.xcconfig"; path = "Pods/Target Support Files/Pods-UserListApp/Pods-UserListApp.release.xcconfig"; sourceTree = "<group>"; };
		CBAD1950CE3CBC44BD2AD8FD /* Pods_UserListAppTests.framework */ = {isa = PBXFileReference; explicitFileType = wrapper.framework; includeInIndex = 0; path = Pods_UserListAppTests.framework; sourceTree = BUILT_PRODUCTS_DIR; };
		E11D530D791E883E804CF91B /* Pods-UserListApp.debug.xcconfig */ = {isa = PBXFileReference; includeInIndex = 1; lastKnownFileType = text.xcconfig; name = "Pods-UserListApp.debug.xcconfig"; path = "Pods/Target Support Files/Pods-UserListApp/Pods-UserListApp.debug.xcconfig"; sourceTree = "<group>"; };
		E1397913AA33B4AAB289CBDB /* Pods-UserListAppTests.debug.xcconfig */ = {isa = PBXFileReference; includeInIndex = 1; lastKnownFileType = text.xcconfig; name = "Pods-UserListAppTests.debug.xcconfig"; path = "Pods/Target Support Files/Pods-UserListAppTests/Pods-UserListAppTests.debug.xcconfig"; sourceTree = "<group>"; };
/* End PBXFileReference section */

/* Begin PBXFrameworksBuildPhase section */
		501D1A852134138900EBBF0D /* Frameworks */ = {
			isa = PBXFrameworksBuildPhase;
			buildActionMask = 2147483647;
			files = (
				72FD09E7199D38275B03E191 /* Pods_UserListApp.framework in Frameworks */,
			);
			runOnlyForDeploymentPostprocessing = 0;
		};
		501D1A9B2134138A00EBBF0D /* Frameworks */ = {
			isa = PBXFrameworksBuildPhase;
			buildActionMask = 2147483647;
			files = (
				ECE7CD85B592592366E8E9E5 /* Pods_UserListAppTests.framework in Frameworks */,
			);
			runOnlyForDeploymentPostprocessing = 0;
		};
		501D1AA62134138A00EBBF0D /* Frameworks */ = {
			isa = PBXFrameworksBuildPhase;
			buildActionMask = 2147483647;
			files = (
				95D2C8A90FC007D2209D23DB /* Pods_UserListAppUITests.framework in Frameworks */,
			);
			runOnlyForDeploymentPostprocessing = 0;
		};
/* End PBXFrameworksBuildPhase section */

/* Begin PBXGroup section */
		32D1D16555AD41A92B85BEE0 /* Frameworks */ = {
			isa = PBXGroup;
			children = (
				618C19F56A29E138226C85A6 /* Pods_UserListApp.framework */,
				CBAD1950CE3CBC44BD2AD8FD /* Pods_UserListAppTests.framework */,
				3E1D29A08EB28CF4E47F6E52 /* Pods_UserListAppUITests.framework */,
			);
			name = Frameworks;
			sourceTree = "<group>";
		};
		501D1A7F2134138900EBBF0D = {
			isa = PBXGroup;
			children = (
				501D1A8A2134138900EBBF0D /* UserListApp */,
				501D1AA12134138A00EBBF0D /* UserListAppTests */,
				501D1AAC2134138A00EBBF0D /* UserListAppUITests */,
				501D1A892134138900EBBF0D /* Products */,
				E24456E2A522B24A0954CD1D /* Pods */,
				32D1D16555AD41A92B85BEE0 /* Frameworks */,
			);
			sourceTree = "<group>";
		};
		501D1A892134138900EBBF0D /* Products */ = {
			isa = PBXGroup;
			children = (
				501D1A882134138900EBBF0D /* UserListApp.app */,
				501D1A9E2134138A00EBBF0D /* UserListAppTests.xctest */,
				501D1AA92134138A00EBBF0D /* UserListAppUITests.xctest */,
			);
			name = Products;
			sourceTree = "<group>";
		};
		501D1A8A2134138900EBBF0D /* UserListApp */ = {
			isa = PBXGroup;
			children = (
				501D1A8B2134138900EBBF0D /* AppDelegate.swift */,
				501D1A8D2134138900EBBF0D /* UserListViewController.swift */,
				501D1A8F2134138900EBBF0D /* SavedUsersViewController.swift */,
				501D1A912134138900EBBF0D /* Main.storyboard */,
				501D1A942134138A00EBBF0D /* Assets.xcassets */,
				501D1A962134138A00EBBF0D /* LaunchScreen.storyboard */,
				501D1A992134138A00EBBF0D /* Info.plist */,
				501D1ABB213416BB00EBBF0D /* UserContact.swift */,
				5017E8C521349FBC00034B9C /* UserListUtil.swift */,
			);
			path = UserListApp;
			sourceTree = "<group>";
		};
		501D1AA12134138A00EBBF0D /* UserListAppTests */ = {
			isa = PBXGroup;
			children = (
				501D1AA22134138A00EBBF0D /* UserListAppTests.swift */,
				501D1AA42134138A00EBBF0D /* Info.plist */,
			);
			path = UserListAppTests;
			sourceTree = "<group>";
		};
		501D1AAC2134138A00EBBF0D /* UserListAppUITests */ = {
			isa = PBXGroup;
			children = (
				501D1AAD2134138A00EBBF0D /* UserListAppUITests.swift */,
				501D1AAF2134138A00EBBF0D /* Info.plist */,
			);
			path = UserListAppUITests;
			sourceTree = "<group>";
		};
		E24456E2A522B24A0954CD1D /* Pods */ = {
			isa = PBXGroup;
			children = (
				E11D530D791E883E804CF91B /* Pods-UserListApp.debug.xcconfig */,
				A35120DDC8B8125A768CA066 /* Pods-UserListApp.release.xcconfig */,
				E1397913AA33B4AAB289CBDB /* Pods-UserListAppTests.debug.xcconfig */,
				515D315481B20F530210E43E /* Pods-UserListAppTests.release.xcconfig */,
				4FF3B1BE08E3DC2F38137248 /* Pods-UserListAppUITests.debug.xcconfig */,
				5A386E7F8424875312B39210 /* Pods-UserListAppUITests.release.xcconfig */,
			);
			name = Pods;
			sourceTree = "<group>";
		};
/* End PBXGroup section */

/* Begin PBXNativeTarget section */
		501D1A872134138900EBBF0D /* UserListApp */ = {
			isa = PBXNativeTarget;
			buildConfigurationList = 501D1AB22134138A00EBBF0D /* Build configuration list for PBXNativeTarget "UserListApp" */;
			buildPhases = (
				C9D17111A2647D60E84A7F94 /* [CP] Check Pods Manifest.lock */,
				501D1A842134138900EBBF0D /* Sources */,
				501D1A852134138900EBBF0D /* Frameworks */,
				501D1A862134138900EBBF0D /* Resources */,
				CAD33F7C015E01EAA9B22FC2 /* [CP] Embed Pods Frameworks */,
			);
			buildRules = (
			);
			dependencies = (
			);
			name = UserListApp;
			productName = UserListApp;
			productReference = 501D1A882134138900EBBF0D /* UserListApp.app */;
			productType = "com.apple.product-type.application";
		};
		501D1A9D2134138A00EBBF0D /* UserListAppTests */ = {
			isa = PBXNativeTarget;
			buildConfigurationList = 501D1AB52134138A00EBBF0D /* Build configuration list for PBXNativeTarget "UserListAppTests" */;
			buildPhases = (
				7616ED36CAEFB62210631FFD /* [CP] Check Pods Manifest.lock */,
				501D1A9A2134138A00EBBF0D /* Sources */,
				501D1A9B2134138A00EBBF0D /* Frameworks */,
				501D1A9C2134138A00EBBF0D /* Resources */,
			);
			buildRules = (
			);
			dependencies = (
				501D1AA02134138A00EBBF0D /* PBXTargetDependency */,
			);
			name = UserListAppTests;
			productName = UserListAppTests;
			productReference = 501D1A9E2134138A00EBBF0D /* UserListAppTests.xctest */;
			productType = "com.apple.product-type.bundle.unit-test";
		};
		501D1AA82134138A00EBBF0D /* UserListAppUITests */ = {
			isa = PBXNativeTarget;
			buildConfigurationList = 501D1AB82134138A00EBBF0D /* Build configuration list for PBXNativeTarget "UserListAppUITests" */;
			buildPhases = (
				432B03757EEEE692D7BDFE61 /* [CP] Check Pods Manifest.lock */,
				501D1AA52134138A00EBBF0D /* Sources */,
				501D1AA62134138A00EBBF0D /* Frameworks */,
				501D1AA72134138A00EBBF0D /* Resources */,
			);
			buildRules = (
			);
			dependencies = (
				501D1AAB2134138A00EBBF0D /* PBXTargetDependency */,
			);
			name = UserListAppUITests;
			productName = UserListAppUITests;
			productReference = 501D1AA92134138A00EBBF0D /* UserListAppUITests.xctest */;
			productType = "com.apple.product-type.bundle.ui-testing";
		};
/* End PBXNativeTarget section */

/* Begin PBXProject section */
		501D1A802134138900EBBF0D /* Project object */ = {
			isa = PBXProject;
			attributes = {
				LastSwiftUpdateCheck = 0940;
				LastUpgradeCheck = 0940;
				ORGANIZATIONNAME = "max kruchkov";
				TargetAttributes = {
					501D1A872134138900EBBF0D = {
						CreatedOnToolsVersion = 9.4.1;
					};
					501D1A9D2134138A00EBBF0D = {
						CreatedOnToolsVersion = 9.4.1;
						TestTargetID = 501D1A872134138900EBBF0D;
					};
					501D1AA82134138A00EBBF0D = {
						CreatedOnToolsVersion = 9.4.1;
						TestTargetID = 501D1A872134138900EBBF0D;
					};
				};
			};
			buildConfigurationList = 501D1A832134138900EBBF0D /* Build configuration list for PBXProject "UserListApp" */;
			compatibilityVersion = "Xcode 9.3";
			developmentRegion = en;
			hasScannedForEncodings = 0;
			knownRegions = (
				en,
				Base,
			);
			mainGroup = 501D1A7F2134138900EBBF0D;
			productRefGroup = 501D1A892134138900EBBF0D /* Products */;
			projectDirPath = "";
			projectRoot = "";
			targets = (
				501D1A872134138900EBBF0D /* UserListApp */,
				501D1A9D2134138A00EBBF0D /* UserListAppTests */,
				501D1AA82134138A00EBBF0D /* UserListAppUITests */,
			);
		};
/* End PBXProject section */

/* Begin PBXResourcesBuildPhase section */
		501D1A862134138900EBBF0D /* Resources */ = {
			isa = PBXResourcesBuildPhase;
			buildActionMask = 2147483647;
			files = (
				501D1A982134138A00EBBF0D /* LaunchScreen.storyboard in Resources */,
				501D1A952134138A00EBBF0D /* Assets.xcassets in Resources */,
				501D1A932134138900EBBF0D /* Main.storyboard in Resources */,
			);
			runOnlyForDeploymentPostprocessing = 0;
		};
		501D1A9C2134138A00EBBF0D /* Resources */ = {
			isa = PBXResourcesBuildPhase;
			buildActionMask = 2147483647;
			files = (
			);
			runOnlyForDeploymentPostprocessing = 0;
		};
		501D1AA72134138A00EBBF0D /* Resources */ = {
			isa = PBXResourcesBuildPhase;
			buildActionMask = 2147483647;
			files = (
			);
			runOnlyForDeploymentPostprocessing = 0;
		};
/* End PBXResourcesBuildPhase section */

/* Begin PBXShellScriptBuildPhase section */
		432B03757EEEE692D7BDFE61 /* [CP] Check Pods Manifest.lock */ = {
			isa = PBXShellScriptBuildPhase;
			buildActionMask = 2147483647;
			files = (
			);
			inputPaths = (
				"${PODS_PODFILE_DIR_PATH}/Podfile.lock",
				"${PODS_ROOT}/Manifest.lock",
			);
			name = "[CP] Check Pods Manifest.lock";
			outputPaths = (
				"$(DERIVED_FILE_DIR)/Pods-UserListAppUITests-checkManifestLockResult.txt",
			);
			runOnlyForDeploymentPostprocessing = 0;
			shellPath = /bin/sh;
			shellScript = "diff \"${PODS_PODFILE_DIR_PATH}/Podfile.lock\" \"${PODS_ROOT}/Manifest.lock\" > /dev/null\nif [ $? != 0 ] ; then\n    # print error to STDERR\n    echo \"error: The sandbox is not in sync with the Podfile.lock. Run 'pod install' or update your CocoaPods installation.\" >&2\n    exit 1\nfi\n# This output is used by Xcode 'outputs' to avoid re-running this script phase.\necho \"SUCCESS\" > \"${SCRIPT_OUTPUT_FILE_0}\"\n";
			showEnvVarsInLog = 0;
		};
		7616ED36CAEFB62210631FFD /* [CP] Check Pods Manifest.lock */ = {
			isa = PBXShellScriptBuildPhase;
			buildActionMask = 2147483647;
			files = (
			);
			inputPaths = (
				"${PODS_PODFILE_DIR_PATH}/Podfile.lock",
				"${PODS_ROOT}/Manifest.lock",
			);
			name = "[CP] Check Pods Manifest.lock";
			outputPaths = (
				"$(DERIVED_FILE_DIR)/Pods-UserListAppTests-checkManifestLockResult.txt",
			);
			runOnlyForDeploymentPostprocessing = 0;
			shellPath = /bin/sh;
			shellScript = "diff \"${PODS_PODFILE_DIR_PATH}/Podfile.lock\" \"${PODS_ROOT}/Manifest.lock\" > /dev/null\nif [ $? != 0 ] ; then\n    # print error to STDERR\n    echo \"error: The sandbox is not in sync with the Podfile.lock. Run 'pod install' or update your CocoaPods installation.\" >&2\n    exit 1\nfi\n# This output is used by Xcode 'outputs' to avoid re-running this script phase.\necho \"SUCCESS\" > \"${SCRIPT_OUTPUT_FILE_0}\"\n";
			showEnvVarsInLog = 0;
		};
		C9D17111A2647D60E84A7F94 /* [CP] Check Pods Manifest.lock */ = {
			isa = PBXShellScriptBuildPhase;
			buildActionMask = 2147483647;
			files = (
			);
			inputPaths = (
				"${PODS_PODFILE_DIR_PATH}/Podfile.lock",
				"${PODS_ROOT}/Manifest.lock",
			);
			name = "[CP] Check Pods Manifest.lock";
			outputPaths = (
				"$(DERIVED_FILE_DIR)/Pods-UserListApp-checkManifestLockResult.txt",
			);
			runOnlyForDeploymentPostprocessing = 0;
			shellPath = /bin/sh;
			shellScript = "diff \"${PODS_PODFILE_DIR_PATH}/Podfile.lock\" \"${PODS_ROOT}/Manifest.lock\" > /dev/null\nif [ $? != 0 ] ; then\n    # print error to STDERR\n    echo \"error: The sandbox is not in sync with the Podfile.lock. Run 'pod install' or update your CocoaPods installation.\" >&2\n    exit 1\nfi\n# This output is used by Xcode 'outputs' to avoid re-running this script phase.\necho \"SUCCESS\" > \"${SCRIPT_OUTPUT_FILE_0}\"\n";
			showEnvVarsInLog = 0;
		};
		CAD33F7C015E01EAA9B22FC2 /* [CP] Embed Pods Frameworks */ = {
			isa = PBXShellScriptBuildPhase;
			buildActionMask = 2147483647;
			files = (
			);
			inputPaths = (
				"${SRCROOT}/Pods/Target Support Files/Pods-UserListApp/Pods-UserListApp-frameworks.sh",
				"${BUILT_PRODUCTS_DIR}/Alamofire/Alamofire.framework",
				"${BUILT_PRODUCTS_DIR}/Realm/Realm.framework",
				"${BUILT_PRODUCTS_DIR}/RealmSwift/RealmSwift.framework",
				"${BUILT_PRODUCTS_DIR}/SwiftyJSON/SwiftyJSON.framework",
			);
			name = "[CP] Embed Pods Frameworks";
			outputPaths = (
				"${TARGET_BUILD_DIR}/${FRAMEWORKS_FOLDER_PATH}/Alamofire.framework",
				"${TARGET_BUILD_DIR}/${FRAMEWORKS_FOLDER_PATH}/Realm.framework",
				"${TARGET_BUILD_DIR}/${FRAMEWORKS_FOLDER_PATH}/RealmSwift.framework",
				"${TARGET_BUILD_DIR}/${FRAMEWORKS_FOLDER_PATH}/SwiftyJSON.framework",
			);
			runOnlyForDeploymentPostprocessing = 0;
			shellPath = /bin/sh;
			shellScript = "\"${SRCROOT}/Pods/Target Support Files/Pods-UserListApp/Pods-UserListApp-frameworks.sh\"\n";
			showEnvVarsInLog = 0;
		};
/* End PBXShellScriptBuildPhase section */

/* Begin PBXSourcesBuildPhase section */
		501D1A842134138900EBBF0D /* Sources */ = {
			isa = PBXSourcesBuildPhase;
			buildActionMask = 2147483647;
			files = (
				5017E8C621349FBC00034B9C /* UserListUtil.swift in Sources */,
				501D1A902134138900EBBF0D /* SavedUsersViewController.swift in Sources */,
				501D1A8C2134138900EBBF0D /* AppDelegate.swift in Sources */,
				501D1A8E2134138900EBBF0D /* UserListViewController.swift in Sources */,
				501D1ABC213416BB00EBBF0D /* UserContact.swift in Sources */,
			);
			runOnlyForDeploymentPostprocessing = 0;
		};
		501D1A9A2134138A00EBBF0D /* Sources */ = {
			isa = PBXSourcesBuildPhase;
			buildActionMask = 2147483647;
			files = (
				501D1AA32134138A00EBBF0D /* UserListAppTests.swift in Sources */,
			);
			runOnlyForDeploymentPostprocessing = 0;
		};
		501D1AA52134138A00EBBF0D /* Sources */ = {
			isa = PBXSourcesBuildPhase;
			buildActionMask = 2147483647;
			files = (
				501D1AAE2134138A00EBBF0D /* UserListAppUITests.swift in Sources */,
			);
			runOnlyForDeploymentPostprocessing = 0;
		};
/* End PBXSourcesBuildPhase section */

/* Begin PBXTargetDependency section */
		501D1AA02134138A00EBBF0D /* PBXTargetDependency */ = {
			isa = PBXTargetDependency;
			target = 501D1A872134138900EBBF0D /* UserListApp */;
			targetProxy = 501D1A9F2134138A00EBBF0D /* PBXContainerItemProxy */;
		};
		501D1AAB2134138A00EBBF0D /* PBXTargetDependency */ = {
			isa = PBXTargetDependency;
			target = 501D1A872134138900EBBF0D /* UserListApp */;
			targetProxy = 501D1AAA2134138A00EBBF0D /* PBXContainerItemProxy */;
		};
/* End PBXTargetDependency section */

/* Begin PBXVariantGroup section */
		501D1A912134138900EBBF0D /* Main.storyboard */ = {
			isa = PBXVariantGroup;
			children = (
				501D1A922134138900EBBF0D /* Base */,
			);
			name = Main.storyboard;
			sourceTree = "<group>";
		};
		501D1A962134138A00EBBF0D /* LaunchScreen.storyboard */ = {
			isa = PBXVariantGroup;
			children = (
				501D1A972134138A00EBBF0D /* Base */,
			);
			name = LaunchScreen.storyboard;
			sourceTree = "<group>";
		};
/* End PBXVariantGroup section */

/* Begin XCBuildConfiguration section */
		501D1AB02134138A00EBBF0D /* Debug */ = {
			isa = XCBuildConfiguration;
			buildSettings = {
				ALWAYS_SEARCH_USER_PATHS = NO;
				CLANG_ANALYZER_NONNULL = YES;
				CLANG_ANALYZER_NUMBER_OBJECT_CONVERSION = YES_AGGRESSIVE;
				CLANG_CXX_LANGUAGE_STANDARD = "gnu++14";
				CLANG_CXX_LIBRARY = "libc++";
				CLANG_ENABLE_MODULES = YES;
				CLANG_ENABLE_OBJC_ARC = YES;
				CLANG_ENABLE_OBJC_WEAK = YES;
				CLANG_WARN_BLOCK_CAPTURE_AUTORELEASING = YES;
				CLANG_WARN_BOOL_CONVERSION = YES;
				CLANG_WARN_COMMA = YES;
				CLANG_WARN_CONSTANT_CONVERSION = YES;
				CLANG_WARN_DEPRECATED_OBJC_IMPLEMENTATIONS = YES;
				CLANG_WARN_DIRECT_OBJC_ISA_USAGE = YES_ERROR;
				CLANG_WARN_DOCUMENTATION_COMMENTS = YES;
				CLANG_WARN_EMPTY_BODY = YES;
				CLANG_WARN_ENUM_CONVERSION = YES;
				CLANG_WARN_INFINITE_RECURSION = YES;
				CLANG_WARN_INT_CONVERSION = YES;
				CLANG_WARN_NON_LITERAL_NULL_CONVERSION = YES;
				CLANG_WARN_OBJC_IMPLICIT_RETAIN_SELF = YES;
				CLANG_WARN_OBJC_LITERAL_CONVERSION = YES;
				CLANG_WARN_OBJC_ROOT_CLASS = YES_ERROR;
				CLANG_WARN_RANGE_LOOP_ANALYSIS = YES;
				CLANG_WARN_STRICT_PROTOTYPES = YES;
				CLANG_WARN_SUSPICIOUS_MOVE = YES;
				CLANG_WARN_UNGUARDED_AVAILABILITY = YES_AGGRESSIVE;
				CLANG_WARN_UNREACHABLE_CODE = YES;
				CLANG_WARN__DUPLICATE_METHOD_MATCH = YES;
				CODE_SIGN_IDENTITY = "iPhone Developer";
				COPY_PHASE_STRIP = NO;
				DEBUG_INFORMATION_FORMAT = dwarf;
				ENABLE_STRICT_OBJC_MSGSEND = YES;
				ENABLE_TESTABILITY = YES;
				GCC_C_LANGUAGE_STANDARD = gnu11;
				GCC_DYNAMIC_NO_PIC = NO;
				GCC_NO_COMMON_BLOCKS = YES;
				GCC_OPTIMIZATION_LEVEL = 0;
				GCC_PREPROCESSOR_DEFINITIONS = (
					"DEBUG=1",
					"$(inherited)",
				);
				GCC_WARN_64_TO_32_BIT_CONVERSION = YES;
				GCC_WARN_ABOUT_RETURN_TYPE = YES_ERROR;
				GCC_WARN_UNDECLARED_SELECTOR = YES;
				GCC_WARN_UNINITIALIZED_AUTOS = YES_AGGRESSIVE;
				GCC_WARN_UNUSED_FUNCTION = YES;
				GCC_WARN_UNUSED_VARIABLE = YES;
				IPHONEOS_DEPLOYMENT_TARGET = 11.4;
				MTL_ENABLE_DEBUG_INFO = YES;
				ONLY_ACTIVE_ARCH = YES;
				SDKROOT = iphoneos;
				SWIFT_ACTIVE_COMPILATION_CONDITIONS = DEBUG;
				SWIFT_OPTIMIZATION_LEVEL = "-Onone";
			};
			name = Debug;
		};
		501D1AB12134138A00EBBF0D /* Release */ = {
			isa = XCBuildConfiguration;
			buildSettings = {
				ALWAYS_SEARCH_USER_PATHS = NO;
				CLANG_ANALYZER_NONNULL = YES;
				CLANG_ANALYZER_NUMBER_OBJECT_CONVERSION = YES_AGGRESSIVE;
				CLANG_CXX_LANGUAGE_STANDARD = "gnu++14";
				CLANG_CXX_LIBRARY = "libc++";
				CLANG_ENABLE_MODULES = YES;
				CLANG_ENABLE_OBJC_ARC = YES;
				CLANG_ENABLE_OBJC_WEAK = YES;
				CLANG_WARN_BLOCK_CAPTURE_AUTORELEASING = YES;
				CLANG_WARN_BOOL_CONVERSION = YES;
				CLANG_WARN_COMMA = YES;
				CLANG_WARN_CONSTANT_CONVERSION = YES;
				CLANG_WARN_DEPRECATED_OBJC_IMPLEMENTATIONS = YES;
				CLANG_WARN_DIRECT_OBJC_ISA_USAGE = YES_ERROR;
				CLANG_WARN_DOCUMENTATION_COMMENTS = YES;
				CLANG_WARN_EMPTY_BODY = YES;
				CLANG_WARN_ENUM_CONVERSION = YES;
				CLANG_WARN_INFINITE_RECURSION = YES;
				CLANG_WARN_INT_CONVERSION = YES;
				CLANG_WARN_NON_LITERAL_NULL_CONVERSION = YES;
				CLANG_WARN_OBJC_IMPLICIT_RETAIN_SELF = YES;
				CLANG_WARN_OBJC_LITERAL_CONVERSION = YES;
				CLANG_WARN_OBJC_ROOT_CLASS = YES_ERROR;
				CLANG_WARN_RANGE_LOOP_ANALYSIS = YES;
				CLANG_WARN_STRICT_PROTOTYPES = YES;
				CLANG_WARN_SUSPICIOUS_MOVE = YES;
				CLANG_WARN_UNGUARDED_AVAILABILITY = YES_AGGRESSIVE;
				CLANG_WARN_UNREACHABLE_CODE = YES;
				CLANG_WARN__DUPLICATE_METHOD_MATCH = YES;
				CODE_SIGN_IDENTITY = "iPhone Developer";
				COPY_PHASE_STRIP = NO;
				DEBUG_INFORMATION_FORMAT = "dwarf-with-dsym";
				ENABLE_NS_ASSERTIONS = NO;
				ENABLE_STRICT_OBJC_MSGSEND = YES;
				GCC_C_LANGUAGE_STANDARD = gnu11;
				GCC_NO_COMMON_BLOCKS = YES;
				GCC_WARN_64_TO_32_BIT_CONVERSION = YES;
				GCC_WARN_ABOUT_RETURN_TYPE = YES_ERROR;
				GCC_WARN_UNDECLARED_SELECTOR = YES;
				GCC_WARN_UNINITIALIZED_AUTOS = YES_AGGRESSIVE;
				GCC_WARN_UNUSED_FUNCTION = YES;
				GCC_WARN_UNUSED_VARIABLE = YES;
				IPHONEOS_DEPLOYMENT_TARGET = 11.4;
				MTL_ENABLE_DEBUG_INFO = NO;
				SDKROOT = iphoneos;
				SWIFT_COMPILATION_MODE = wholemodule;
				SWIFT_OPTIMIZATION_LEVEL = "-O";
				VALIDATE_PRODUCT = YES;
			};
			name = Release;
		};
		501D1AB32134138A00EBBF0D /* Debug */ = {
			isa = XCBuildConfiguration;
			baseConfigurationReference = E11D530D791E883E804CF91B /* Pods-UserListApp.debug.xcconfig */;
			buildSettings = {
				ASSETCATALOG_COMPILER_APPICON_NAME = AppIcon;
				CODE_SIGN_STYLE = Automatic;
				DEVELOPMENT_TEAM = XZ4VCY962M;
				INFOPLIST_FILE = UserListApp/Info.plist;
				LD_RUNPATH_SEARCH_PATHS = (
					"$(inherited)",
					"@executable_path/Frameworks",
				);
				PRODUCT_BUNDLE_IDENTIFIER = com.kruchkov.UserListApp;
				PRODUCT_NAME = "$(TARGET_NAME)";
				SWIFT_VERSION = 4.0;
				TARGETED_DEVICE_FAMILY = "1,2";
			};
			name = Debug;
		};
		501D1AB42134138A00EBBF0D /* Release */ = {
			isa = XCBuildConfiguration;
			baseConfigurationReference = A35120DDC8B8125A768CA066 /* Pods-UserListApp.release.xcconfig */;
			buildSettings = {
				ASSETCATALOG_COMPILER_APPICON_NAME = AppIcon;
				CODE_SIGN_STYLE = Automatic;
				DEVELOPMENT_TEAM = XZ4VCY962M;
				INFOPLIST_FILE = UserListApp/Info.plist;
				LD_RUNPATH_SEARCH_PATHS = (
					"$(inherited)",
					"@executable_path/Frameworks",
				);
				PRODUCT_BUNDLE_IDENTIFIER = com.kruchkov.UserListApp;
				PRODUCT_NAME = "$(TARGET_NAME)";
				SWIFT_VERSION = 4.0;
				TARGETED_DEVICE_FAMILY = "1,2";
			};
			name = Release;
		};
		501D1AB62134138A00EBBF0D /* Debug */ = {
			isa = XCBuildConfiguration;
			baseConfigurationReference = E1397913AA33B4AAB289CBDB /* Pods-UserListAppTests.debug.xcconfig */;
			buildSettings = {
				ALWAYS_EMBED_SWIFT_STANDARD_LIBRARIES = YES;
				BUNDLE_LOADER = "$(TEST_HOST)";
				CODE_SIGN_STYLE = Automatic;
				INFOPLIST_FILE = UserListAppTests/Info.plist;
				LD_RUNPATH_SEARCH_PATHS = (
					"$(inherited)",
					"@executable_path/Frameworks",
					"@loader_path/Frameworks",
				);
				PRODUCT_BUNDLE_IDENTIFIER = com.kruchkov.UserListAppTests;
				PRODUCT_NAME = "$(TARGET_NAME)";
				SWIFT_VERSION = 4.0;
				TARGETED_DEVICE_FAMILY = "1,2";
				TEST_HOST = "$(BUILT_PRODUCTS_DIR)/UserListApp.app/UserListApp";
			};
			name = Debug;
		};
		501D1AB72134138A00EBBF0D /* Release */ = {
			isa = XCBuildConfiguration;
			baseConfigurationReference = 515D315481B20F530210E43E /* Pods-UserListAppTests.release.xcconfig */;
			buildSettings = {
				ALWAYS_EMBED_SWIFT_STANDARD_LIBRARIES = YES;
				BUNDLE_LOADER = "$(TEST_HOST)";
				CODE_SIGN_STYLE = Automatic;
				INFOPLIST_FILE = UserListAppTests/Info.plist;
				LD_RUNPATH_SEARCH_PATHS = (
					"$(inherited)",
					"@executable_path/Frameworks",
					"@loader_path/Frameworks",
				);
				PRODUCT_BUNDLE_IDENTIFIER = com.kruchkov.UserListAppTests;
				PRODUCT_NAME = "$(TARGET_NAME)";
				SWIFT_VERSION = 4.0;
				TARGETED_DEVICE_FAMILY = "1,2";
				TEST_HOST = "$(BUILT_PRODUCTS_DIR)/UserListApp.app/UserListApp";
			};
			name = Release;
		};
		501D1AB92134138A00EBBF0D /* Debug */ = {
			isa = XCBuildConfiguration;
			baseConfigurationReference = 4FF3B1BE08E3DC2F38137248 /* Pods-UserListAppUITests.debug.xcconfig */;
			buildSettings = {
				ALWAYS_EMBED_SWIFT_STANDARD_LIBRARIES = YES;
				CODE_SIGN_STYLE = Automatic;
				INFOPLIST_FILE = UserListAppUITests/Info.plist;
				LD_RUNPATH_SEARCH_PATHS = (
					"$(inherited)",
					"@executable_path/Frameworks",
					"@loader_path/Frameworks",
				);
				PRODUCT_BUNDLE_IDENTIFIER = com.kruchkov.UserListAppUITests;
				PRODUCT_NAME = "$(TARGET_NAME)";
				SWIFT_VERSION = 4.0;
				TARGETED_DEVICE_FAMILY = "1,2";
				TEST_TARGET_NAME = UserListApp;
			};
			name = Debug;
		};
		501D1ABA2134138A00EBBF0D /* Release */ = {
			isa = XCBuildConfiguration;
			baseConfigurationReference = 5A386E7F8424875312B39210 /* Pods-UserListAppUITests.release.xcconfig */;
			buildSettings = {
				ALWAYS_EMBED_SWIFT_STANDARD_LIBRARIES = YES;
				CODE_SIGN_STYLE = Automatic;
				INFOPLIST_FILE = UserListAppUITests/Info.plist;
				LD_RUNPATH_SEARCH_PATHS = (
					"$(inherited)",
					"@executable_path/Frameworks",
					"@loader_path/Frameworks",
				);
				PRODUCT_BUNDLE_IDENTIFIER = com.kruchkov.UserListAppUITests;
				PRODUCT_NAME = "$(TARGET_NAME)";
				SWIFT_VERSION = 4.0;
				TARGETED_DEVICE_FAMILY = "1,2";
				TEST_TARGET_NAME = UserListApp;
			};
			name = Release;
		};
/* End XCBuildConfiguration section */

/* Begin XCConfigurationList section */
		501D1A832134138900EBBF0D /* Build configuration list for PBXProject "UserListApp" */ = {
			isa = XCConfigurationList;
			buildConfigurations = (
				501D1AB02134138A00EBBF0D /* Debug */,
				501D1AB12134138A00EBBF0D /* Release */,
			);
			defaultConfigurationIsVisible = 0;
			defaultConfigurationName = Release;
		};
		501D1AB22134138A00EBBF0D /* Build configuration list for PBXNativeTarget "UserListApp" */ = {
			isa = XCConfigurationList;
			buildConfigurations = (
				501D1AB32134138A00EBBF0D /* Debug */,
				501D1AB42134138A00EBBF0D /* Release */,
			);
			defaultConfigurationIsVisible = 0;
			defaultConfigurationName = Release;
		};
		501D1AB52134138A00EBBF0D /* Build configuration list for PBXNativeTarget "UserListAppTests" */ = {
			isa = XCConfigurationList;
			buildConfigurations = (
				501D1AB62134138A00EBBF0D /* Debug */,
				501D1AB72134138A00EBBF0D /* Release */,
			);
			defaultConfigurationIsVisible = 0;
			defaultConfigurationName = Release;
		};
		501D1AB82134138A00EBBF0D /* Build configuration list for PBXNativeTarget "UserListAppUITests" */ = {
			isa = XCConfigurationList;
			buildConfigurations = (
				501D1AB92134138A00EBBF0D /* Debug */,
				501D1ABA2134138A00EBBF0D /* Release */,
			);
			defaultConfigurationIsVisible = 0;
			defaultConfigurationName = Release;
		};
/* End XCConfigurationList section */
	};
	rootObject = 501D1A802134138900EBBF0D /* Project object */;
}
